
Microsoft Visual Studio Solution File, Format Version 12.00
# Visual Studio Version 16
VisualStudioVersion = 16.0.28922.388
MinimumVisualStudioVersion = 10.0.40219.1
Project("{FAE04EC0-301F-11D3-BF4B-00C04F79EFBC}") = "HelloApp", "HelloApp\HelloApp.csproj", "{2D22595D-907F-421B-B3E2-5181B641BA44}"
EndProject
Project("{FAE04EC0-301F-11D3-BF4B-00C04F79EFBC}") = "ElementyC", "ElementyC\ElementyC.csproj", "{B012296A-D091-44C8-B791-FD6F9227D636}"
EndProject
Project("{FAE04EC0-301F-11D3-BF4B-00C04F79EFBC}") = "ZadaniaCmd", "ZadaniaCmd\ZadaniaCmd.csproj", "{AAC4F0C4-A5ED-49C9-89C5-5111B6A301C6}"
EndProject
Project("{FAE04EC0-301F-11D3-BF4B-00C04F79EFBC}") = "ZadaniaLib", "ZadaniaLib\ZadaniaLib.csproj", "{57B4F908-5011-4E3C-B744-382D1D22063D}"
EndProject
Project("{FAE04EC0-301F-11D3-BF4B-00C04F79EFBC}") = "DemoWPF", "DemoWPF\DemoWPF.csproj", "{3119408E-567D-48A5-A6BB-CD4FC23BDF70}"
EndProject
Project("{FAE04EC0-301F-11D3-BF4B-00C04F79EFBC}") = "ZadaniaWPF", "ZadaniaWPF\ZadaniaWPF.csproj", "{99C20F04-6C4F-4583-9EA1-C8DF78482F13}"
EndProject
Project("{FAE04EC0-301F-11D3-BF4B-00C04F79EFBC}") = "DemoDBWPF", "DemoDBWPF\DemoDBWPF.csproj", "{5A49E282-0B57-43AC-8FD1-F2FB0F179EB7}"
EndProject
Project("{FAE04EC0-301F-11D3-BF4B-00C04F79EFBC}") = "DemoAsyncWPF", "DemoAsyncWPF\DemoAsyncWPF.csproj", "{01FF5A1B-0900-423B-A948-59922FCC2A7C}"
EndProject
Project("{FAE04EC0-301F-11D3-BF4B-00C04F79EFBC}") = "COMDemoWPF", "COMDemoWPF\COMDemoWPF.csproj", "{A9D2883A-E420-4C26-A54A-D146D8E8DDFC}"
EndProject
Project("{FAE04EC0-301F-11D3-BF4B-00C04F79EFBC}") = "DemoService", "DemoService\DemoService.csproj", "{95B741F0-5958-489B-B528-15698783801B}"
EndProject
Project("{FAE04EC0-301F-11D3-BF4B-00C04F79EFBC}") = "WCFClient", "WCFClient\WCFClient.csproj", "{56E244B8-C569-43EE-9F94-DB38AA23FD74}"
	ProjectSection(ProjectDependencies) = postProject
		{95B741F0-5958-489B-B528-15698783801B} = {95B741F0-5958-489B-B528-15698783801B}
	EndProjectSection
EndProject
Global
	GlobalSection(SolutionConfigurationPlatforms) = preSolution
		Debug|Any CPU = Debug|Any CPU
		Release|Any CPU = Release|Any CPU
	EndGlobalSection
	GlobalSection(ProjectConfigurationPlatforms) = postSolution
		{2D22595D-907F-421B-B3E2-5181B641BA44}.Debug|Any CPU.ActiveCfg = Debug|Any CPU
		{2D22595D-907F-421B-B3E2-5181B641BA44}.Debug|Any CPU.Build.0 = Debug|Any CPU
		{2D22595D-907F-421B-B3E2-5181B641BA44}.Release|Any CPU.ActiveCfg = Release|Any CPU
		{2D22595D-907F-421B-B3E2-5181B641BA44}.Release|Any CPU.Build.0 = Release|Any CPU
		{B012296A-D091-44C8-B791-FD6F9227D636}.Debug|Any CPU.ActiveCfg = Debug|Any CPU
		{B012296A-D091-44C8-B791-FD6F9227D636}.Debug|Any CPU.Build.0 = Debug|Any CPU
		{B012296A-D091-44C8-B791-FD6F9227D636}.Release|Any CPU.ActiveCfg = Release|Any CPU
		{B012296A-D091-44C8-B791-FD6F9227D636}.Release|Any CPU.Build.0 = Release|Any CPU
		{AAC4F0C4-A5ED-49C9-89C5-5111B6A301C6}.Debug|Any CPU.ActiveCfg = Debug|Any CPU
		{AAC4F0C4-A5ED-49C9-89C5-5111B6A301C6}.Debug|Any CPU.Build.0 = Debug|Any CPU
		{AAC4F0C4-A5ED-49C9-89C5-5111B6A301C6}.Release|Any CPU.ActiveCfg = Release|Any CPU
		{AAC4F0C4-A5ED-49C9-89C5-5111B6A301C6}.Release|Any CPU.Build.0 = Release|Any CPU
		{57B4F908-5011-4E3C-B744-382D1D22063D}.Debug|Any CPU.ActiveCfg = Debug|Any CPU
		{57B4F908-5011-4E3C-B744-382D1D22063D}.Debug|Any CPU.Build.0 = Debug|Any CPU
		{57B4F908-5011-4E3C-B744-382D1D22063D}.Release|Any CPU.ActiveCfg = Release|Any CPU
		{57B4F908-5011-4E3C-B744-382D1D22063D}.Release|Any CPU.Build.0 = Release|Any CPU
		{3119408E-567D-48A5-A6BB-CD4FC23BDF70}.Debug|Any CPU.ActiveCfg = Debug|Any CPU
		{3119408E-567D-48A5-A6BB-CD4FC23BDF70}.Debug|Any CPU.Build.0 = Debug|Any CPU
		{3119408E-567D-48A5-A6BB-CD4FC23BDF70}.Release|Any CPU.ActiveCfg = Release|Any CPU
		{3119408E-567D-48A5-A6BB-CD4FC23BDF70}.Release|Any CPU.Build.0 = Release|Any CPU
		{99C20F04-6C4F-4583-9EA1-C8DF78482F13}.Debug|Any CPU.ActiveCfg = Debug|Any CPU
		{99C20F04-6C4F-4583-9EA1-C8DF78482F13}.Debug|Any CPU.Build.0 = Debug|Any CPU
		{99C20F04-6C4F-4583-9EA1-C8DF78482F13}.Release|Any CPU.ActiveCfg = Release|Any CPU
		{99C20F04-6C4F-4583-9EA1-C8DF78482F13}.Release|Any CPU.Build.0 = Release|Any CPU
		{5A49E282-0B57-43AC-8FD1-F2FB0F179EB7}.Debug|Any CPU.ActiveCfg = Debug|Any CPU
		{5A49E282-0B57-43AC-8FD1-F2FB0F179EB7}.Debug|Any CPU.Build.0 = Debug|Any CPU
		{5A49E282-0B57-43AC-8FD1-F2FB0F179EB7}.Release|Any CPU.ActiveCfg = Release|Any CPU
		{5A49E282-0B57-43AC-8FD1-F2FB0F179EB7}.Release|Any CPU.Build.0 = Release|Any CPU
		{01FF5A1B-0900-423B-A948-59922FCC2A7C}.Debug|Any CPU.ActiveCfg = Debug|Any CPU
		{01FF5A1B-0900-423B-A948-59922FCC2A7C}.Debug|Any CPU.Build.0 = Debug|Any CPU
		{01FF5A1B-0900-423B-A948-59922FCC2A7C}.Release|Any CPU.ActiveCfg = Release|Any CPU
		{01FF5A1B-0900-423B-A948-59922FCC2A7C}.Release|Any CPU.Build.0 = Release|Any CPU
		{A9D2883A-E420-4C26-A54A-D146D8E8DDFC}.Debug|Any CPU.ActiveCfg = Debug|Any CPU
		{A9D2883A-E420-4C26-A54A-D146D8E8DDFC}.Debug|Any CPU.Build.0 = Debug|Any CPU
		{A9D2883A-E420-4C26-A54A-D146D8E8DDFC}.Release|Any CPU.ActiveCfg = Release|Any CPU
		{A9D2883A-E420-4C26-A54A-D146D8E8DDFC}.Release|Any CPU.Build.0 = Release|Any CPU
		{95B741F0-5958-489B-B528-15698783801B}.Debug|Any CPU.ActiveCfg = Debug|Any CPU
		{95B741F0-5958-489B-B528-15698783801B}.Debug|Any CPU.Build.0 = Debug|Any CPU
		{95B741F0-5958-489B-B528-15698783801B}.Release|Any CPU.ActiveCfg = Release|Any CPU
		{95B741F0-5958-489B-B528-15698783801B}.Release|Any CPU.Build.0 = Release|Any CPU
		{56E244B8-C569-43EE-9F94-DB38AA23FD74}.Debug|Any CPU.ActiveCfg = Debug|Any CPU
		{56E244B8-C569-43EE-9F94-DB38AA23FD74}.Debug|Any CPU.Build.0 = Debug|Any CPU
		{56E244B8-C569-43EE-9F94-DB38AA23FD74}.Release|Any CPU.ActiveCfg = Release|Any CPU
		{56E244B8-C569-43EE-9F94-DB38AA23FD74}.Release|Any CPU.Build.0 = Release|Any CPU
	EndGlobalSection
	GlobalSection(SolutionProperties) = preSolution
		HideSolutionNode = FALSE
	EndGlobalSection
	GlobalSection(ExtensibilityGlobals) = postSolution
		SolutionGuid = {9A46C7FB-5D03-40F2-A514-6DE82BD87764}
	EndGlobalSection
EndGlobal
